
Microsoft Visual Studio Solution File, Format Version 12.00
# Visual Studio Version 17
VisualStudioVersion = 17.10.34928.147
MinimumVisualStudioVersion = 10.0.40219.1
Project("{FAE04EC0-301F-11D3-BF4B-00C04F79EFBC}") = "ByteStormApi", "ByteStormApi\ByteStormApi.csproj", "{8B9918E3-D7A2-42A4-A2D4-9830E58E588D}"
EndProject
Global
	GlobalSection(SolutionConfigurationPlatforms) = preSolution
		Debug|Any CPU = Debug|Any CPU
		Release|Any CPU = Release|Any CPU
	EndGlobalSection
	GlobalSection(ProjectConfigurationPlatforms) = postSolution
		{8B9918E3-D7A2-42A4-A2D4-9830E58E588D}.Debug|Any CPU.ActiveCfg = Debug|Any CPU
		{8B9918E3-D7A2-42A4-A2D4-9830E58E588D}.Debug|Any CPU.Build.0 = Debug|Any CPU
		{8B9918E3-D7A2-42A4-A2D4-9830E58E588D}.Release|Any CPU.ActiveCfg = Release|Any CPU
		{8B9918E3-D7A2-42A4-A2D4-9830E58E588D}.Release|Any CPU.Build.0 = Release|Any CPU
	EndGlobalSection
	GlobalSection(SolutionProperties) = preSolution
		HideSolutionNode = FALSE
	EndGlobalSection
	GlobalSection(ExtensibilityGlobals) = postSolution
		SolutionGuid = {0133E075-7ABA-4AD3-88A5-4E4736C193F0}
	EndGlobalSection
EndGlobal
